
Microsoft Visual Studio Solution File, Format Version 12.00
# Visual Studio Version 17
VisualStudioVersion = 17.0.32112.339
MinimumVisualStudioVersion = 10.0.40219.1
Project("{FAE04EC0-301F-11D3-BF4B-00C04F79EFBC}") = "GenericArrayAndStringProgram", "GenericArrayAndStringProgram.csproj", "{83A2E9EF-C1F0-4D46-99E4-52A04A8C8514}"
EndProject
Global
	GlobalSection(SolutionConfigurationPlatforms) = preSolution
		Debug|Any CPU = Debug|Any CPU
		Release|Any CPU = Release|Any CPU
	EndGlobalSection
	GlobalSection(ProjectConfigurationPlatforms) = postSolution
		{83A2E9EF-C1F0-4D46-99E4-52A04A8C8514}.Debug|Any CPU.ActiveCfg = Debug|Any CPU
		{83A2E9EF-C1F0-4D46-99E4-52A04A8C8514}.Debug|Any CPU.Build.0 = Debug|Any CPU
		{83A2E9EF-C1F0-4D46-99E4-52A04A8C8514}.Release|Any CPU.ActiveCfg = Release|Any CPU
		{83A2E9EF-C1F0-4D46-99E4-52A04A8C8514}.Release|Any CPU.Build.0 = Release|Any CPU
	EndGlobalSection
	GlobalSection(SolutionProperties) = preSolution
		HideSolutionNode = FALSE
	EndGlobalSection
	GlobalSection(ExtensibilityGlobals) = postSolution
		SolutionGuid = {BB4F9721-DDD5-4803-AE91-A6FE10933940}
	EndGlobalSection
EndGlobal
